Microsoft Visual Studio Solution File, Format Version 9.00
# Visual C# Express 2005
Project("{FAE04EC0-301F-11D3-BF4B-00C04F79EFBC}") = "LandscapeGenCore", "LandscapeGenCore\LandscapeGenCore.csproj", "{A2AD292E-D58C-438D-8690-BB5AAF87B281}"
EndProject
Project("{FAE04EC0-301F-11D3-BF4B-00C04F79EFBC}") = "LandscapeGen", "LandscapeGen\LandscapeGen.csproj", "{39014D20-1AA9-4BFD-BB2F-F5A702DA09D4}"
EndProject
Global
	GlobalSection(SolutionConfigurationPlatforms) = preSolution
		Debug|Any CPU = Debug|Any CPU
		Release|Any CPU = Release|Any CPU
	EndGlobalSection
	GlobalSection(ProjectConfigurationPlatforms) = postSolution
		{A2AD292E-D58C-438D-8690-BB5AAF87B281}.Debug|Any CPU.ActiveCfg = Debug|Any CPU
		{A2AD292E-D58C-438D-8690-BB5AAF87B281}.Debug|Any CPU.Build.0 = Debug|Any CPU
		{A2AD292E-D58C-438D-8690-BB5AAF87B281}.Release|Any CPU.ActiveCfg = Release|Any CPU
		{A2AD292E-D58C-438D-8690-BB5AAF87B281}.Release|Any CPU.Build.0 = Release|Any CPU
		{39014D20-1AA9-4BFD-BB2F-F5A702DA09D4}.Debug|Any CPU.ActiveCfg = Debug|Any CPU
		{39014D20-1AA9-4BFD-BB2F-F5A702DA09D4}.Debug|Any CPU.Build.0 = Debug|Any CPU
		{39014D20-1AA9-4BFD-BB2F-F5A702DA09D4}.Release|Any CPU.ActiveCfg = Release|Any CPU
		{39014D20-1AA9-4BFD-BB2F-F5A702DA09D4}.Release|Any CPU.Build.0 = Release|Any CPU
	EndGlobalSection
	GlobalSection(SolutionProperties) = preSolution
		HideSolutionNode = FALSE
	EndGlobalSection
EndGlobal
