Microsoft Visual Studio Solution File, Format Version 8.00
Project("{FAE04EC0-301F-11D3-BF4B-00C04F79EFBC}") = "LandscapeGenCore", "LandscapeGenCore\LandscapeGenCore.csproj", "{A2AD292E-D58C-438D-8690-BB5AAF87B281}"
	ProjectSection(ProjectDependencies) = postProject
	EndProjectSection
EndProject
Project("{FAE04EC0-301F-11D3-BF4B-00C04F79EFBC}") = "LandscapeGen", "LandscapeGen\LandscapeGen.csproj", "{39014D20-1AA9-4BFD-BB2F-F5A702DA09D4}"
	ProjectSection(ProjectDependencies) = postProject
	EndProjectSection
EndProject
Global
	GlobalSection(SolutionConfiguration) = preSolution
		Debug = Debug
		Release = Release
	EndGlobalSection
	GlobalSection(ProjectConfiguration) = postSolution
		{A2AD292E-D58C-438D-8690-BB5AAF87B281}.Debug.ActiveCfg = Debug|.NET
		{A2AD292E-D58C-438D-8690-BB5AAF87B281}.Debug.Build.0 = Debug|.NET
		{A2AD292E-D58C-438D-8690-BB5AAF87B281}.Release.ActiveCfg = Release|.NET
		{A2AD292E-D58C-438D-8690-BB5AAF87B281}.Release.Build.0 = Release|.NET
		{39014D20-1AA9-4BFD-BB2F-F5A702DA09D4}.Debug.ActiveCfg = Debug|.NET
		{39014D20-1AA9-4BFD-BB2F-F5A702DA09D4}.Debug.Build.0 = Debug|.NET
		{39014D20-1AA9-4BFD-BB2F-F5A702DA09D4}.Release.ActiveCfg = Release|.NET
		{39014D20-1AA9-4BFD-BB2F-F5A702DA09D4}.Release.Build.0 = Release|.NET
	EndGlobalSection
	GlobalSection(ExtensibilityGlobals) = postSolution
	EndGlobalSection
	GlobalSection(ExtensibilityAddIns) = postSolution
	EndGlobalSection
EndGlobal
